
Microsoft Visual Studio Solution File, Format Version 12.00
# Visual Studio Version 17
VisualStudioVersion = 17.14.36429.23
MinimumVisualStudioVersion = 10.0.40219.1
Project("{FAE04EC0-301F-11D3-BF4B-00C04F79EFBC}") = "Pasteleria Alemana", "Pasteleria Alemana.csproj", "{6CD25066-C31F-4632-912F-3E700727E802}"
EndProject
Project("{2150E333-8FDC-42A3-9474-1A3956D46DE8}") = "Images", "Images", "{02EA681E-C7D8-13C7-8484-4AC65E1B71E8}"
	ProjectSection(SolutionItems) = preProject
		ach.png = ach.png
		efectivo.png = efectivo.png
		..\..\..\..\..\..\Downloads\logopaste.png = ..\..\..\..\..\..\Downloads\logopaste.png
		logopaste.png = logopaste.png
		visa.jpeg = visa.jpeg
		yappy.jpg = yappy.jpg
	EndProjectSection
EndProject
Global
	GlobalSection(SolutionConfigurationPlatforms) = preSolution
		Debug|Any CPU = Debug|Any CPU
		Release|Any CPU = Release|Any CPU
	EndGlobalSection
	GlobalSection(ProjectConfigurationPlatforms) = postSolution
		{6CD25066-C31F-4632-912F-3E700727E802}.Debug|Any CPU.ActiveCfg = Debug|Any CPU
		{6CD25066-C31F-4632-912F-3E700727E802}.Debug|Any CPU.Build.0 = Debug|Any CPU
		{6CD25066-C31F-4632-912F-3E700727E802}.Release|Any CPU.ActiveCfg = Release|Any CPU
		{6CD25066-C31F-4632-912F-3E700727E802}.Release|Any CPU.Build.0 = Release|Any CPU
	EndGlobalSection
	GlobalSection(SolutionProperties) = preSolution
		HideSolutionNode = FALSE
	EndGlobalSection
	GlobalSection(ExtensibilityGlobals) = postSolution
		SolutionGuid = {E9CE5607-1012-4202-B25A-D1B3066DBD20}
	EndGlobalSection
EndGlobal
